// !$*UTF8*$!
{
	archiveVersion = 1;
	classes = {
	};
	objectVersion = 50;
	objects = {

/* Begin PBXBuildFile section */
		A3BFA6C325891E0B008C2BCB /* AppDelegate.swift in Sources */ = {isa = PBXBuildFile; fileRef = A3BFA6C225891E0B008C2BCB /* AppDelegate.swift */; };
		A3BFA6C525891E0B008C2BCB /* SceneDelegate.swift in Sources */ = {isa = PBXBuildFile; fileRef = A3BFA6C425891E0B008C2BCB /* SceneDelegate.swift */; };
		A3BFA6CC25891E0D008C2BCB /* Assets.xcassets in Resources */ = {isa = PBXBuildFile; fileRef = A3BFA6CB25891E0D008C2BCB /* Assets.xcassets */; };
		A3BFA6CF25891E0D008C2BCB /* LaunchScreen.storyboard in Resources */ = {isa = PBXBuildFile; fileRef = A3BFA6CD25891E0D008C2BCB /* LaunchScreen.storyboard */; };
		A3BFA6DD25892064008C2BCB /* FeedViewController.swift in Sources */ = {isa = PBXBuildFile; fileRef = A3BFA6DC25892064008C2BCB /* FeedViewController.swift */; };
		A3BFA6E42589381D008C2BCB /* NetworkManager.swift in Sources */ = {isa = PBXBuildFile; fileRef = A3BFA6E32589381D008C2BCB /* NetworkManager.swift */; };
		A3BFA6F125894603008C2BCB /* Campaigns.swift in Sources */ = {isa = PBXBuildFile; fileRef = A3BFA6F025894603008C2BCB /* Campaigns.swift */; };
		A3BFA70225896F76008C2BCB /* FeedItemHeaderView.swift in Sources */ = {isa = PBXBuildFile; fileRef = A3BFA70125896F76008C2BCB /* FeedItemHeaderView.swift */; };
		A3BFA70925897101008C2BCB /* JFImageView.swift in Sources */ = {isa = PBXBuildFile; fileRef = A3BFA70825897101008C2BCB /* JFImageView.swift */; };
		A3BFA70E2589742B008C2BCB /* JFTitleLabel.swift in Sources */ = {isa = PBXBuildFile; fileRef = A3BFA70D2589742B008C2BCB /* JFTitleLabel.swift */; };
		A3BFA71125897569008C2BCB /* JFSecondaryTitleLabel.swift in Sources */ = {isa = PBXBuildFile; fileRef = A3BFA71025897569008C2BCB /* JFSecondaryTitleLabel.swift */; };
		A3BFA71D25897E07008C2BCB /* FeedItemCell.swift in Sources */ = {isa = PBXBuildFile; fileRef = A3BFA71C25897E07008C2BCB /* FeedItemCell.swift */; };
/* End PBXBuildFile section */

/* Begin PBXFileReference section */
		A3BFA6BF25891E0B008C2BCB /* JetFuelTakeHome.app */ = {isa = PBXFileReference; explicitFileType = wrapper.application; includeInIndex = 0; path = JetFuelTakeHome.app; sourceTree = BUILT_PRODUCTS_DIR; };
		A3BFA6C225891E0B008C2BCB /* AppDelegate.swift */ = {isa = PBXFileReference; lastKnownFileType = sourcecode.swift; path = AppDelegate.swift; sourceTree = "<group>"; };
		A3BFA6C425891E0B008C2BCB /* SceneDelegate.swift */ = {isa = PBXFileReference; lastKnownFileType = sourcecode.swift; path = SceneDelegate.swift; sourceTree = "<group>"; };
		A3BFA6CB25891E0D008C2BCB /* Assets.xcassets */ = {isa = PBXFileReference; lastKnownFileType = folder.assetcatalog; path = Assets.xcassets; sourceTree = "<group>"; };
		A3BFA6CE25891E0D008C2BCB /* Base */ = {isa = PBXFileReference; lastKnownFileType = file.storyboard; name = Base; path = Base.lproj/LaunchScreen.storyboard; sourceTree = "<group>"; };
		A3BFA6D025891E0D008C2BCB /* Info.plist */ = {isa = PBXFileReference; lastKnownFileType = text.plist.xml; path = Info.plist; sourceTree = "<group>"; };
		A3BFA6D725891E2D008C2BCB /* README.md */ = {isa = PBXFileReference; lastKnownFileType = net.daringfireball.markdown; path = README.md; sourceTree = "<group>"; };
		A3BFA6DC25892064008C2BCB /* FeedViewController.swift */ = {isa = PBXFileReference; lastKnownFileType = sourcecode.swift; path = FeedViewController.swift; sourceTree = "<group>"; };
		A3BFA6E32589381D008C2BCB /* NetworkManager.swift */ = {isa = PBXFileReference; lastKnownFileType = sourcecode.swift; path = NetworkManager.swift; sourceTree = "<group>"; };
		A3BFA6F025894603008C2BCB /* Campaigns.swift */ = {isa = PBXFileReference; lastKnownFileType = sourcecode.swift; path = Campaigns.swift; sourceTree = "<group>"; };
		A3BFA70125896F76008C2BCB /* FeedItemHeaderView.swift */ = {isa = PBXFileReference; lastKnownFileType = sourcecode.swift; path = FeedItemHeaderView.swift; sourceTree = "<group>"; };
		A3BFA70825897101008C2BCB /* JFImageView.swift */ = {isa = PBXFileReference; lastKnownFileType = sourcecode.swift; path = JFImageView.swift; sourceTree = "<group>"; };
		A3BFA70D2589742B008C2BCB /* JFTitleLabel.swift */ = {isa = PBXFileReference; lastKnownFileType = sourcecode.swift; path = JFTitleLabel.swift; sourceTree = "<group>"; };
		A3BFA71025897569008C2BCB /* JFSecondaryTitleLabel.swift */ = {isa = PBXFileReference; lastKnownFileType = sourcecode.swift; path = JFSecondaryTitleLabel.swift; sourceTree = "<group>"; };
		A3BFA71C25897E07008C2BCB /* FeedItemCell.swift */ = {isa = PBXFileReference; lastKnownFileType = sourcecode.swift; path = FeedItemCell.swift; sourceTree = "<group>"; };
/* End PBXFileReference section */

/* Begin PBXFrameworksBuildPhase section */
		A3BFA6BC25891E0B008C2BCB /* Frameworks */ = {
			isa = PBXFrameworksBuildPhase;
			buildActionMask = 2147483647;
			files = (
			);
			runOnlyForDeploymentPostprocessing = 0;
		};
/* End PBXFrameworksBuildPhase section */

/* Begin PBXGroup section */
		A3BFA6B625891E0B008C2BCB = {
			isa = PBXGroup;
			children = (
				A3BFA6D725891E2D008C2BCB /* README.md */,
				A3BFA6C125891E0B008C2BCB /* JetFuelTakeHome */,
				A3BFA6C025891E0B008C2BCB /* Products */,
			);
			sourceTree = "<group>";
		};
		A3BFA6C025891E0B008C2BCB /* Products */ = {
			isa = PBXGroup;
			children = (
				A3BFA6BF25891E0B008C2BCB /* JetFuelTakeHome.app */,
			);
			name = Products;
			sourceTree = "<group>";
		};
		A3BFA6C125891E0B008C2BCB /* JetFuelTakeHome */ = {
			isa = PBXGroup;
			children = (
				A3BFA6FC25896E8D008C2BCB /* Custom Views */,
				A3BFA6F525894630008C2BCB /* Support */,
				A3BFA6EF258945E3008C2BCB /* Models */,
				A3BFA6EE258945DB008C2BCB /* Screens */,
				A3BFA6EC258945C4008C2BCB /* Managers */,
				A3BFA6D025891E0D008C2BCB /* Info.plist */,
			);
			path = JetFuelTakeHome;
			sourceTree = "<group>";
		};
		A3BFA6EC258945C4008C2BCB /* Managers */ = {
			isa = PBXGroup;
			children = (
				A3BFA6E32589381D008C2BCB /* NetworkManager.swift */,
			);
			path = Managers;
			sourceTree = "<group>";
		};
		A3BFA6EE258945DB008C2BCB /* Screens */ = {
			isa = PBXGroup;
			children = (
				A3BFA6DC25892064008C2BCB /* FeedViewController.swift */,
			);
			path = Screens;
			sourceTree = "<group>";
		};
		A3BFA6EF258945E3008C2BCB /* Models */ = {
			isa = PBXGroup;
			children = (
				A3BFA6F025894603008C2BCB /* Campaigns.swift */,
			);
			path = Models;
			sourceTree = "<group>";
		};
		A3BFA6F525894630008C2BCB /* Support */ = {
			isa = PBXGroup;
			children = (
				A3BFA6C225891E0B008C2BCB /* AppDelegate.swift */,
				A3BFA6C425891E0B008C2BCB /* SceneDelegate.swift */,
				A3BFA6CB25891E0D008C2BCB /* Assets.xcassets */,
				A3BFA6CD25891E0D008C2BCB /* LaunchScreen.storyboard */,
			);
			path = Support;
			sourceTree = "<group>";
		};
		A3BFA6FC25896E8D008C2BCB /* Custom Views */ = {
			isa = PBXGroup;
			children = (
				A3BFA70C25897408008C2BCB /* Labels */,
				A3BFA707258970D6008C2BCB /* ImageViews */,
				A3BFA706258970D1008C2BCB /* UIViews */,
				A3BFA704258970BD008C2BCB /* Cells */,
			);
			path = "Custom Views";
			sourceTree = "<group>";
		};
		A3BFA704258970BD008C2BCB /* Cells */ = {
			isa = PBXGroup;
			children = (
				A3BFA71C25897E07008C2BCB /* FeedItemCell.swift */,
			);
			path = Cells;
			sourceTree = "<group>";
		};
		A3BFA706258970D1008C2BCB /* UIViews */ = {
			isa = PBXGroup;
			children = (
				A3BFA70125896F76008C2BCB /* FeedItemHeaderView.swift */,
			);
			path = UIViews;
			sourceTree = "<group>";
		};
		A3BFA707258970D6008C2BCB /* ImageViews */ = {
			isa = PBXGroup;
			children = (
				A3BFA70825897101008C2BCB /* JFImageView.swift */,
			);
			path = ImageViews;
			sourceTree = "<group>";
		};
		A3BFA70C25897408008C2BCB /* Labels */ = {
			isa = PBXGroup;
			children = (
				A3BFA70D2589742B008C2BCB /* JFTitleLabel.swift */,
				A3BFA71025897569008C2BCB /* JFSecondaryTitleLabel.swift */,
			);
			path = Labels;
			sourceTree = "<group>";
		};
/* End PBXGroup section */

/* Begin PBXNativeTarget section */
		A3BFA6BE25891E0B008C2BCB /* JetFuelTakeHome */ = {
			isa = PBXNativeTarget;
			buildConfigurationList = A3BFA6D325891E0D008C2BCB /* Build configuration list for PBXNativeTarget "JetFuelTakeHome" */;
			buildPhases = (
				A3BFA6BB25891E0B008C2BCB /* Sources */,
				A3BFA6BC25891E0B008C2BCB /* Frameworks */,
				A3BFA6BD25891E0B008C2BCB /* Resources */,
			);
			buildRules = (
			);
			dependencies = (
			);
			name = JetFuelTakeHome;
			productName = JetFuelTakeHome;
			productReference = A3BFA6BF25891E0B008C2BCB /* JetFuelTakeHome.app */;
			productType = "com.apple.product-type.application";
		};
/* End PBXNativeTarget section */

/* Begin PBXProject section */
		A3BFA6B725891E0B008C2BCB /* Project object */ = {
			isa = PBXProject;
			attributes = {
				LastSwiftUpdateCheck = 1220;
				LastUpgradeCheck = 1220;
				TargetAttributes = {
					A3BFA6BE25891E0B008C2BCB = {
						CreatedOnToolsVersion = 12.2;
					};
				};
			};
			buildConfigurationList = A3BFA6BA25891E0B008C2BCB /* Build configuration list for PBXProject "JetFuelTakeHome" */;
			compatibilityVersion = "Xcode 9.3";
			developmentRegion = en;
			hasScannedForEncodings = 0;
			knownRegions = (
				en,
				Base,
			);
			mainGroup = A3BFA6B625891E0B008C2BCB;
			productRefGroup = A3BFA6C025891E0B008C2BCB /* Products */;
			projectDirPath = "";
			projectRoot = "";
			targets = (
				A3BFA6BE25891E0B008C2BCB /* JetFuelTakeHome */,
			);
		};
/* End PBXProject section */

/* Begin PBXResourcesBuildPhase section */
		A3BFA6BD25891E0B008C2BCB /* Resources */ = {
			isa = PBXResourcesBuildPhase;
			buildActionMask = 2147483647;
			files = (
				A3BFA6CF25891E0D008C2BCB /* LaunchScreen.storyboard in Resources */,
				A3BFA6CC25891E0D008C2BCB /* Assets.xcassets in Resources */,
			);
			runOnlyForDeploymentPostprocessing = 0;
		};
/* End PBXResourcesBuildPhase section */

/* Begin PBXSourcesBuildPhase section */
		A3BFA6BB25891E0B008C2BCB /* Sources */ = {
			isa = PBXSourcesBuildPhase;
			buildActionMask = 2147483647;
			files = (
				A3BFA6E42589381D008C2BCB /* NetworkManager.swift in Sources */,
				A3BFA71125897569008C2BCB /* JFSecondaryTitleLabel.swift in Sources */,
				A3BFA70925897101008C2BCB /* JFImageView.swift in Sources */,
				A3BFA70E2589742B008C2BCB /* JFTitleLabel.swift in Sources */,
				A3BFA71D25897E07008C2BCB /* FeedItemCell.swift in Sources */,
				A3BFA6C325891E0B008C2BCB /* AppDelegate.swift in Sources */,
				A3BFA70225896F76008C2BCB /* FeedItemHeaderView.swift in Sources */,
				A3BFA6DD25892064008C2BCB /* FeedViewController.swift in Sources */,
				A3BFA6F125894603008C2BCB /* Campaigns.swift in Sources */,
				A3BFA6C525891E0B008C2BCB /* SceneDelegate.swift in Sources */,
			);
			runOnlyForDeploymentPostprocessing = 0;
		};
/* End PBXSourcesBuildPhase section */

/* Begin PBXVariantGroup section */
		A3BFA6CD25891E0D008C2BCB /* LaunchScreen.storyboard */ = {
			isa = PBXVariantGroup;
			children = (
				A3BFA6CE25891E0D008C2BCB /* Base */,
			);
			name = LaunchScreen.storyboard;
			sourceTree = "<group>";
		};
/* End PBXVariantGroup section */

/* Begin XCBuildConfiguration section */
		A3BFA6D125891E0D008C2BCB /* Debug */ = {
			isa = XCBuildConfiguration;
			buildSettings = {
				ALWAYS_SEARCH_USER_PATHS = NO;
				CLANG_ANALYZER_NONNULL = YES;
				CLANG_ANALYZER_NUMBER_OBJECT_CONVERSION = YES_AGGRESSIVE;
				CLANG_CXX_LANGUAGE_STANDARD = "gnu++14";
				CLANG_CXX_LIBRARY = "libc++";
				CLANG_ENABLE_MODULES = YES;
				CLANG_ENABLE_OBJC_ARC = YES;
				CLANG_ENABLE_OBJC_WEAK = YES;
				CLANG_WARN_BLOCK_CAPTURE_AUTORELEASING = YES;
				CLANG_WARN_BOOL_CONVERSION = YES;
				CLANG_WARN_COMMA = YES;
				CLANG_WARN_CONSTANT_CONVERSION = YES;
				CLANG_WARN_DEPRECATED_OBJC_IMPLEMENTATIONS = YES;
				CLANG_WARN_DIRECT_OBJC_ISA_USAGE = YES_ERROR;
				CLANG_WARN_DOCUMENTATION_COMMENTS = YES;
				CLANG_WARN_EMPTY_BODY = YES;
				CLANG_WARN_ENUM_CONVERSION = YES;
				CLANG_WARN_INFINITE_RECURSION = YES;
				CLANG_WARN_INT_CONVERSION = YES;
				CLANG_WARN_NON_LITERAL_NULL_CONVERSION = YES;
				CLANG_WARN_OBJC_IMPLICIT_RETAIN_SELF = YES;
				CLANG_WARN_OBJC_LITERAL_CONVERSION = YES;
				CLANG_WARN_OBJC_ROOT_CLASS = YES_ERROR;
				CLANG_WARN_QUOTED_INCLUDE_IN_FRAMEWORK_HEADER = YES;
				CLANG_WARN_RANGE_LOOP_ANALYSIS = YES;
				CLANG_WARN_STRICT_PROTOTYPES = YES;
				CLANG_WARN_SUSPICIOUS_MOVE = YES;
				CLANG_WARN_UNGUARDED_AVAILABILITY = YES_AGGRESSIVE;
				CLANG_WARN_UNREACHABLE_CODE = YES;
				CLANG_WARN__DUPLICATE_METHOD_MATCH = YES;
				COPY_PHASE_STRIP = NO;
				DEBUG_INFORMATION_FORMAT = dwarf;
				ENABLE_STRICT_OBJC_MSGSEND = YES;
				ENABLE_TESTABILITY = YES;
				GCC_C_LANGUAGE_STANDARD = gnu11;
				GCC_DYNAMIC_NO_PIC = NO;
				GCC_NO_COMMON_BLOCKS = YES;
				GCC_OPTIMIZATION_LEVEL = 0;
				GCC_PREPROCESSOR_DEFINITIONS = (
					"DEBUG=1",
					"$(inherited)",
				);
				GCC_WARN_64_TO_32_BIT_CONVERSION = YES;
				GCC_WARN_ABOUT_RETURN_TYPE = YES_ERROR;
				GCC_WARN_UNDECLARED_SELECTOR = YES;
				GCC_WARN_UNINITIALIZED_AUTOS = YES_AGGRESSIVE;
				GCC_WARN_UNUSED_FUNCTION = YES;
				GCC_WARN_UNUSED_VARIABLE = YES;
				IPHONEOS_DEPLOYMENT_TARGET = 14.2;
				MTL_ENABLE_DEBUG_INFO = INCLUDE_SOURCE;
				MTL_FAST_MATH = YES;
				ONLY_ACTIVE_ARCH = YES;
				SDKROOT = iphoneos;
				SWIFT_ACTIVE_COMPILATION_CONDITIONS = DEBUG;
				SWIFT_OPTIMIZATION_LEVEL = "-Onone";
			};
			name = Debug;
		};
		A3BFA6D225891E0D008C2BCB /* Release */ = {
			isa = XCBuildConfiguration;
			buildSettings = {
				ALWAYS_SEARCH_USER_PATHS = NO;
				CLANG_ANALYZER_NONNULL = YES;
				CLANG_ANALYZER_NUMBER_OBJECT_CONVERSION = YES_AGGRESSIVE;
				CLANG_CXX_LANGUAGE_STANDARD = "gnu++14";
				CLANG_CXX_LIBRARY = "libc++";
				CLANG_ENABLE_MODULES = YES;
				CLANG_ENABLE_OBJC_ARC = YES;
				CLANG_ENABLE_OBJC_WEAK = YES;
				CLANG_WARN_BLOCK_CAPTURE_AUTORELEASING = YES;
				CLANG_WARN_BOOL_CONVERSION = YES;
				CLANG_WARN_COMMA = YES;
				CLANG_WARN_CONSTANT_CONVERSION = YES;
				CLANG_WARN_DEPRECATED_OBJC_IMPLEMENTATIONS = YES;
				CLANG_WARN_DIRECT_OBJC_ISA_USAGE = YES_ERROR;
				CLANG_WARN_DOCUMENTATION_COMMENTS = YES;
				CLANG_WARN_EMPTY_BODY = YES;
				CLANG_WARN_ENUM_CONVERSION = YES;
				CLANG_WARN_INFINITE_RECURSION = YES;
				CLANG_WARN_INT_CONVERSION = YES;
				CLANG_WARN_NON_LITERAL_NULL_CONVERSION = YES;
				CLANG_WARN_OBJC_IMPLICIT_RETAIN_SELF = YES;
				CLANG_WARN_OBJC_LITERAL_CONVERSION = YES;
				CLANG_WARN_OBJC_ROOT_CLASS = YES_ERROR;
				CLANG_WARN_QUOTED_INCLUDE_IN_FRAMEWORK_HEADER = YES;
				CLANG_WARN_RANGE_LOOP_ANALYSIS = YES;
				CLANG_WARN_STRICT_PROTOTYPES = YES;
				CLANG_WARN_SUSPICIOUS_MOVE = YES;
				CLANG_WARN_UNGUARDED_AVAILABILITY = YES_AGGRESSIVE;
				CLANG_WARN_UNREACHABLE_CODE = YES;
				CLANG_WARN__DUPLICATE_METHOD_MATCH = YES;
				COPY_PHASE_STRIP = NO;
				DEBUG_INFORMATION_FORMAT = "dwarf-with-dsym";
				ENABLE_NS_ASSERTIONS = NO;
				ENABLE_STRICT_OBJC_MSGSEND = YES;
				GCC_C_LANGUAGE_STANDARD = gnu11;
				GCC_NO_COMMON_BLOCKS = YES;
				GCC_WARN_64_TO_32_BIT_CONVERSION = YES;
				GCC_WARN_ABOUT_RETURN_TYPE = YES_ERROR;
				GCC_WARN_UNDECLARED_SELECTOR = YES;
				GCC_WARN_UNINITIALIZED_AUTOS = YES_AGGRESSIVE;
				GCC_WARN_UNUSED_FUNCTION = YES;
				GCC_WARN_UNUSED_VARIABLE = YES;
				IPHONEOS_DEPLOYMENT_TARGET = 14.2;
				MTL_ENABLE_DEBUG_INFO = NO;
				MTL_FAST_MATH = YES;
				SDKROOT = iphoneos;
				SWIFT_COMPILATION_MODE = wholemodule;
				SWIFT_OPTIMIZATION_LEVEL = "-O";
				VALIDATE_PRODUCT = YES;
			};
			name = Release;
		};
		A3BFA6D425891E0D008C2BCB /* Debug */ = {
			isa = XCBuildConfiguration;
			buildSettings = {
				ASSETCATALOG_COMPILER_APPICON_NAME = AppIcon;
				ASSETCATALOG_COMPILER_GLOBAL_ACCENT_COLOR_NAME = AccentColor;
				CODE_SIGN_STYLE = Automatic;
				DEVELOPMENT_TEAM = TD4Q99PXA9;
				INFOPLIST_FILE = JetFuelTakeHome/Info.plist;
				LD_RUNPATH_SEARCH_PATHS = (
					"$(inherited)",
					"@executable_path/Frameworks",
				);
				PRODUCT_BUNDLE_IDENTIFIER = com.risingdevhabits.JetFuelTakeHome;
				PRODUCT_NAME = "$(TARGET_NAME)";
				SWIFT_VERSION = 5.0;
				TARGETED_DEVICE_FAMILY = 1;
			};
			name = Debug;
		};
		A3BFA6D525891E0D008C2BCB /* Release */ = {
			isa = XCBuildConfiguration;
			buildSettings = {
				ASSETCATALOG_COMPILER_APPICON_NAME = AppIcon;
				ASSETCATALOG_COMPILER_GLOBAL_ACCENT_COLOR_NAME = AccentColor;
				CODE_SIGN_STYLE = Automatic;
				DEVELOPMENT_TEAM = TD4Q99PXA9;
				INFOPLIST_FILE = JetFuelTakeHome/Info.plist;
				LD_RUNPATH_SEARCH_PATHS = (
					"$(inherited)",
					"@executable_path/Frameworks",
				);
				PRODUCT_BUNDLE_IDENTIFIER = com.risingdevhabits.JetFuelTakeHome;
				PRODUCT_NAME = "$(TARGET_NAME)";
				SWIFT_VERSION = 5.0;
				TARGETED_DEVICE_FAMILY = 1;
			};
			name = Release;
		};
/* End XCBuildConfiguration section */

/* Begin XCConfigurationList section */
		A3BFA6BA25891E0B008C2BCB /* Build configuration list for PBXProject "JetFuelTakeHome" */ = {
			isa = XCConfigurationList;
			buildConfigurations = (
				A3BFA6D125891E0D008C2BCB /* Debug */,
				A3BFA6D225891E0D008C2BCB /* Release */,
			);
			defaultConfigurationIsVisible = 0;
			defaultConfigurationName = Release;
		};
		A3BFA6D325891E0D008C2BCB /* Build configuration list for PBXNativeTarget "JetFuelTakeHome" */ = {
			isa = XCConfigurationList;
			buildConfigurations = (
				A3BFA6D425891E0D008C2BCB /* Debug */,
				A3BFA6D525891E0D008C2BCB /* Release */,
			);
			defaultConfigurationIsVisible = 0;
			defaultConfigurationName = Release;
		};
/* End XCConfigurationList section */
	};
	rootObject = A3BFA6B725891E0B008C2BCB /* Project object */;
}
